
Microsoft Visual Studio Solution File, Format Version 12.00
# Visual Studio Version 17
VisualStudioVersion = 17.8.34309.116
MinimumVisualStudioVersion = 10.0.40219.1
Project("{9A19103F-16F7-4668-BE54-9A1E7A4F7556}") = "Generellem", "Generellem\Generellem.csproj", "{9F45E362-6161-4072-B4B5-263D2614361D}"
EndProject
Project("{9A19103F-16F7-4668-BE54-9A1E7A4F7556}") = "Generellem.Tests", "Generellem.Tests\Generellem.Tests.csproj", "{689B40CA-073E-4A8F-92C7-FEB829F7631A}"
EndProject
Project("{FAE04EC0-301F-11D3-BF4B-00C04F79EFBC}") = "GenerellemConsole", "GenerellemConsole\GenerellemConsole.csproj", "{7B889E82-2005-43D3-AF0B-7A2076F8DA73}"
EndProject
Global
	GlobalSection(SolutionConfigurationPlatforms) = preSolution
		Debug|Any CPU = Debug|Any CPU
		Release|Any CPU = Release|Any CPU
	EndGlobalSection
	GlobalSection(ProjectConfigurationPlatforms) = postSolution
		{9F45E362-6161-4072-B4B5-263D2614361D}.Debug|Any CPU.ActiveCfg = Debug|Any CPU
		{9F45E362-6161-4072-B4B5-263D2614361D}.Debug|Any CPU.Build.0 = Debug|Any CPU
		{9F45E362-6161-4072-B4B5-263D2614361D}.Release|Any CPU.ActiveCfg = Release|Any CPU
		{9F45E362-6161-4072-B4B5-263D2614361D}.Release|Any CPU.Build.0 = Release|Any CPU
		{689B40CA-073E-4A8F-92C7-FEB829F7631A}.Debug|Any CPU.ActiveCfg = Debug|Any CPU
		{689B40CA-073E-4A8F-92C7-FEB829F7631A}.Debug|Any CPU.Build.0 = Debug|Any CPU
		{689B40CA-073E-4A8F-92C7-FEB829F7631A}.Release|Any CPU.ActiveCfg = Release|Any CPU
		{689B40CA-073E-4A8F-92C7-FEB829F7631A}.Release|Any CPU.Build.0 = Release|Any CPU
		{7B889E82-2005-43D3-AF0B-7A2076F8DA73}.Debug|Any CPU.ActiveCfg = Debug|Any CPU
		{7B889E82-2005-43D3-AF0B-7A2076F8DA73}.Debug|Any CPU.Build.0 = Debug|Any CPU
		{7B889E82-2005-43D3-AF0B-7A2076F8DA73}.Release|Any CPU.ActiveCfg = Release|Any CPU
		{7B889E82-2005-43D3-AF0B-7A2076F8DA73}.Release|Any CPU.Build.0 = Release|Any CPU
	EndGlobalSection
	GlobalSection(SolutionProperties) = preSolution
		HideSolutionNode = FALSE
	EndGlobalSection
	GlobalSection(ExtensibilityGlobals) = postSolution
		SolutionGuid = {51C2C226-0D8F-4212-A03F-45AD2BAA8620}
	EndGlobalSection
EndGlobal
